
Microsoft Visual Studio Solution File, Format Version 12.00
# Visual Studio Version 17
VisualStudioVersion = 17.5.33530.505
MinimumVisualStudioVersion = 10.0.40219.1
Project("{FAE04EC0-301F-11D3-BF4B-00C04F79EFBC}") = "Exercicio3_SenhaFixa", "Exercicio3_SenhaFixa\Exercicio3_SenhaFixa.csproj", "{93E4D5C8-CC9E-4454-BB13-5F3ED91E4CF0}"
EndProject
Global
	GlobalSection(SolutionConfigurationPlatforms) = preSolution
		Debug|Any CPU = Debug|Any CPU
		Release|Any CPU = Release|Any CPU
	EndGlobalSection
	GlobalSection(ProjectConfigurationPlatforms) = postSolution
		{93E4D5C8-CC9E-4454-BB13-5F3ED91E4CF0}.Debug|Any CPU.ActiveCfg = Debug|Any CPU
		{93E4D5C8-CC9E-4454-BB13-5F3ED91E4CF0}.Debug|Any CPU.Build.0 = Debug|Any CPU
		{93E4D5C8-CC9E-4454-BB13-5F3ED91E4CF0}.Release|Any CPU.ActiveCfg = Release|Any CPU
		{93E4D5C8-CC9E-4454-BB13-5F3ED91E4CF0}.Release|Any CPU.Build.0 = Release|Any CPU
	EndGlobalSection
	GlobalSection(SolutionProperties) = preSolution
		HideSolutionNode = FALSE
	EndGlobalSection
	GlobalSection(ExtensibilityGlobals) = postSolution
		SolutionGuid = {D7F9673F-7162-430A-A9AC-E2FC8860423F}
	EndGlobalSection
EndGlobal
