
Microsoft Visual Studio Solution File, Format Version 12.00
# Visual Studio Version 17
VisualStudioVersion = 17.5.33530.505
MinimumVisualStudioVersion = 10.0.40219.1
Project("{FAE04EC0-301F-11D3-BF4B-00C04F79EFBC}") = "Exercicio13_Coordenadas", "Exercicio13_Coordenadas\Exercicio13_Coordenadas.csproj", "{FDCAD5EE-92E9-4289-ADE2-63591D683C7A}"
EndProject
Global
	GlobalSection(SolutionConfigurationPlatforms) = preSolution
		Debug|Any CPU = Debug|Any CPU
		Release|Any CPU = Release|Any CPU
	EndGlobalSection
	GlobalSection(ProjectConfigurationPlatforms) = postSolution
		{FDCAD5EE-92E9-4289-ADE2-63591D683C7A}.Debug|Any CPU.ActiveCfg = Debug|Any CPU
		{FDCAD5EE-92E9-4289-ADE2-63591D683C7A}.Debug|Any CPU.Build.0 = Debug|Any CPU
		{FDCAD5EE-92E9-4289-ADE2-63591D683C7A}.Release|Any CPU.ActiveCfg = Release|Any CPU
		{FDCAD5EE-92E9-4289-ADE2-63591D683C7A}.Release|Any CPU.Build.0 = Release|Any CPU
	EndGlobalSection
	GlobalSection(SolutionProperties) = preSolution
		HideSolutionNode = FALSE
	EndGlobalSection
	GlobalSection(ExtensibilityGlobals) = postSolution
		SolutionGuid = {2B44B59E-CA36-489F-A0FF-7871B50C7224}
	EndGlobalSection
EndGlobal
