
Microsoft Visual Studio Solution File, Format Version 12.00
# Visual Studio Version 17
VisualStudioVersion = 17.5.33530.505
MinimumVisualStudioVersion = 10.0.40219.1
Project("{FAE04EC0-301F-11D3-BF4B-00C04F79EFBC}") = "Exercicio9_MaisVelho", "Exercicio9_MaisVelho\Exercicio9_MaisVelho.csproj", "{1FE4AB36-B32C-4296-B677-8FC0DC38E0FF}"
EndProject
Global
	GlobalSection(SolutionConfigurationPlatforms) = preSolution
		Debug|Any CPU = Debug|Any CPU
		Release|Any CPU = Release|Any CPU
	EndGlobalSection
	GlobalSection(ProjectConfigurationPlatforms) = postSolution
		{1FE4AB36-B32C-4296-B677-8FC0DC38E0FF}.Debug|Any CPU.ActiveCfg = Debug|Any CPU
		{1FE4AB36-B32C-4296-B677-8FC0DC38E0FF}.Debug|Any CPU.Build.0 = Debug|Any CPU
		{1FE4AB36-B32C-4296-B677-8FC0DC38E0FF}.Release|Any CPU.ActiveCfg = Release|Any CPU
		{1FE4AB36-B32C-4296-B677-8FC0DC38E0FF}.Release|Any CPU.Build.0 = Release|Any CPU
	EndGlobalSection
	GlobalSection(SolutionProperties) = preSolution
		HideSolutionNode = FALSE
	EndGlobalSection
	GlobalSection(ExtensibilityGlobals) = postSolution
		SolutionGuid = {F461B5AA-D0D9-42A3-B0BD-7391804707F8}
	EndGlobalSection
EndGlobal
