
Microsoft Visual Studio Solution File, Format Version 12.00
# Visual Studio Version 17
VisualStudioVersion = 17.5.33530.505
MinimumVisualStudioVersion = 10.0.40219.1
Project("{FAE04EC0-301F-11D3-BF4B-00C04F79EFBC}") = "Exercicio9_Lanchonete", "Exercicio9_Lanchonete\Exercicio9_Lanchonete.csproj", "{51A1B2E4-0287-48E0-B6A5-5DFC89ADDAFB}"
EndProject
Global
	GlobalSection(SolutionConfigurationPlatforms) = preSolution
		Debug|Any CPU = Debug|Any CPU
		Release|Any CPU = Release|Any CPU
	EndGlobalSection
	GlobalSection(ProjectConfigurationPlatforms) = postSolution
		{51A1B2E4-0287-48E0-B6A5-5DFC89ADDAFB}.Debug|Any CPU.ActiveCfg = Debug|Any CPU
		{51A1B2E4-0287-48E0-B6A5-5DFC89ADDAFB}.Debug|Any CPU.Build.0 = Debug|Any CPU
		{51A1B2E4-0287-48E0-B6A5-5DFC89ADDAFB}.Release|Any CPU.ActiveCfg = Release|Any CPU
		{51A1B2E4-0287-48E0-B6A5-5DFC89ADDAFB}.Release|Any CPU.Build.0 = Release|Any CPU
	EndGlobalSection
	GlobalSection(SolutionProperties) = preSolution
		HideSolutionNode = FALSE
	EndGlobalSection
	GlobalSection(ExtensibilityGlobals) = postSolution
		SolutionGuid = {21CABF89-CB6C-47CA-8708-683930940BB2}
	EndGlobalSection
EndGlobal
