
Microsoft Visual Studio Solution File, Format Version 12.00
# Visual Studio Version 17
VisualStudioVersion = 17.5.33530.505
MinimumVisualStudioVersion = 10.0.40219.1
Project("{FAE04EC0-301F-11D3-BF4B-00C04F79EFBC}") = "Exercicio2_SomaLinhas", "Exercicio2_SomaLinhas\Exercicio2_SomaLinhas.csproj", "{18FBF0CD-9886-4AD5-86E8-14B6A2EF183A}"
EndProject
Global
	GlobalSection(SolutionConfigurationPlatforms) = preSolution
		Debug|Any CPU = Debug|Any CPU
		Release|Any CPU = Release|Any CPU
	EndGlobalSection
	GlobalSection(ProjectConfigurationPlatforms) = postSolution
		{18FBF0CD-9886-4AD5-86E8-14B6A2EF183A}.Debug|Any CPU.ActiveCfg = Debug|Any CPU
		{18FBF0CD-9886-4AD5-86E8-14B6A2EF183A}.Debug|Any CPU.Build.0 = Debug|Any CPU
		{18FBF0CD-9886-4AD5-86E8-14B6A2EF183A}.Release|Any CPU.ActiveCfg = Release|Any CPU
		{18FBF0CD-9886-4AD5-86E8-14B6A2EF183A}.Release|Any CPU.Build.0 = Release|Any CPU
	EndGlobalSection
	GlobalSection(SolutionProperties) = preSolution
		HideSolutionNode = FALSE
	EndGlobalSection
	GlobalSection(ExtensibilityGlobals) = postSolution
		SolutionGuid = {52D27230-E421-44A9-8621-2598B39CB49C}
	EndGlobalSection
EndGlobal
