
Microsoft Visual Studio Solution File, Format Version 12.00
# Visual Studio Version 17
VisualStudioVersion = 17.5.33530.505
MinimumVisualStudioVersion = 10.0.40219.1
Project("{FAE04EC0-301F-11D3-BF4B-00C04F79EFBC}") = "Exercicio6_Combustivel", "Exercicio6_Combustivel\Exercicio6_Combustivel.csproj", "{FBD263C1-C482-4FCF-A3BC-BD529FD20D93}"
EndProject
Global
	GlobalSection(SolutionConfigurationPlatforms) = preSolution
		Debug|Any CPU = Debug|Any CPU
		Release|Any CPU = Release|Any CPU
	EndGlobalSection
	GlobalSection(ProjectConfigurationPlatforms) = postSolution
		{FBD263C1-C482-4FCF-A3BC-BD529FD20D93}.Debug|Any CPU.ActiveCfg = Debug|Any CPU
		{FBD263C1-C482-4FCF-A3BC-BD529FD20D93}.Debug|Any CPU.Build.0 = Debug|Any CPU
		{FBD263C1-C482-4FCF-A3BC-BD529FD20D93}.Release|Any CPU.ActiveCfg = Release|Any CPU
		{FBD263C1-C482-4FCF-A3BC-BD529FD20D93}.Release|Any CPU.Build.0 = Release|Any CPU
	EndGlobalSection
	GlobalSection(SolutionProperties) = preSolution
		HideSolutionNode = FALSE
	EndGlobalSection
	GlobalSection(ExtensibilityGlobals) = postSolution
		SolutionGuid = {39663A5E-3295-4D74-9E9A-9173501A6884}
	EndGlobalSection
EndGlobal
