
Microsoft Visual Studio Solution File, Format Version 12.00
# Visual Studio Version 17
VisualStudioVersion = 17.5.33530.505
MinimumVisualStudioVersion = 10.0.40219.1
Project("{FAE04EC0-301F-11D3-BF4B-00C04F79EFBC}") = "Exercicio5_MaiorPosicao", "Exercicio5_MaiorPosicao\Exercicio5_MaiorPosicao.csproj", "{93A1181C-B387-421D-AD98-C0D6C30AF508}"
EndProject
Global
	GlobalSection(SolutionConfigurationPlatforms) = preSolution
		Debug|Any CPU = Debug|Any CPU
		Release|Any CPU = Release|Any CPU
	EndGlobalSection
	GlobalSection(ProjectConfigurationPlatforms) = postSolution
		{93A1181C-B387-421D-AD98-C0D6C30AF508}.Debug|Any CPU.ActiveCfg = Debug|Any CPU
		{93A1181C-B387-421D-AD98-C0D6C30AF508}.Debug|Any CPU.Build.0 = Debug|Any CPU
		{93A1181C-B387-421D-AD98-C0D6C30AF508}.Release|Any CPU.ActiveCfg = Release|Any CPU
		{93A1181C-B387-421D-AD98-C0D6C30AF508}.Release|Any CPU.Build.0 = Release|Any CPU
	EndGlobalSection
	GlobalSection(SolutionProperties) = preSolution
		HideSolutionNode = FALSE
	EndGlobalSection
	GlobalSection(ExtensibilityGlobals) = postSolution
		SolutionGuid = {EF73CB93-FA30-403D-9D29-D23381C045DB}
	EndGlobalSection
EndGlobal
