
Microsoft Visual Studio Solution File, Format Version 12.00
# Visual Studio Version 17
VisualStudioVersion = 17.5.33530.505
MinimumVisualStudioVersion = 10.0.40219.1
Project("{FAE04EC0-301F-11D3-BF4B-00C04F79EFBC}") = "Exercicio8_Consumo", "Exercicio8_Consumo\Exercicio8_Consumo.csproj", "{20C42303-E08E-4673-A9FD-E4079E4FA4E3}"
EndProject
Global
	GlobalSection(SolutionConfigurationPlatforms) = preSolution
		Debug|Any CPU = Debug|Any CPU
		Release|Any CPU = Release|Any CPU
	EndGlobalSection
	GlobalSection(ProjectConfigurationPlatforms) = postSolution
		{20C42303-E08E-4673-A9FD-E4079E4FA4E3}.Debug|Any CPU.ActiveCfg = Debug|Any CPU
		{20C42303-E08E-4673-A9FD-E4079E4FA4E3}.Debug|Any CPU.Build.0 = Debug|Any CPU
		{20C42303-E08E-4673-A9FD-E4079E4FA4E3}.Release|Any CPU.ActiveCfg = Release|Any CPU
		{20C42303-E08E-4673-A9FD-E4079E4FA4E3}.Release|Any CPU.Build.0 = Release|Any CPU
	EndGlobalSection
	GlobalSection(SolutionProperties) = preSolution
		HideSolutionNode = FALSE
	EndGlobalSection
	GlobalSection(ExtensibilityGlobals) = postSolution
		SolutionGuid = {AE4B1853-F154-4061-8068-5ECC043F87B0}
	EndGlobalSection
EndGlobal
