
Microsoft Visual Studio Solution File, Format Version 12.00
# Visual Studio Version 17
VisualStudioVersion = 17.5.33530.505
MinimumVisualStudioVersion = 10.0.40219.1
Project("{FAE04EC0-301F-11D3-BF4B-00C04F79EFBC}") = "Exercicio7_Dardo", "Exercicio7_Dardo\Exercicio7_Dardo.csproj", "{9A85B3D6-4F31-45AE-8ACC-13D2F5DEFDCA}"
EndProject
Global
	GlobalSection(SolutionConfigurationPlatforms) = preSolution
		Debug|Any CPU = Debug|Any CPU
		Release|Any CPU = Release|Any CPU
	EndGlobalSection
	GlobalSection(ProjectConfigurationPlatforms) = postSolution
		{9A85B3D6-4F31-45AE-8ACC-13D2F5DEFDCA}.Debug|Any CPU.ActiveCfg = Debug|Any CPU
		{9A85B3D6-4F31-45AE-8ACC-13D2F5DEFDCA}.Debug|Any CPU.Build.0 = Debug|Any CPU
		{9A85B3D6-4F31-45AE-8ACC-13D2F5DEFDCA}.Release|Any CPU.ActiveCfg = Release|Any CPU
		{9A85B3D6-4F31-45AE-8ACC-13D2F5DEFDCA}.Release|Any CPU.Build.0 = Release|Any CPU
	EndGlobalSection
	GlobalSection(SolutionProperties) = preSolution
		HideSolutionNode = FALSE
	EndGlobalSection
	GlobalSection(ExtensibilityGlobals) = postSolution
		SolutionGuid = {4C472EF8-6231-4D85-8818-0E204F1AF1B6}
	EndGlobalSection
EndGlobal
