
Microsoft Visual Studio Solution File, Format Version 12.00
# Visual Studio Version 17
VisualStudioVersion = 17.5.33530.505
MinimumVisualStudioVersion = 10.0.40219.1
Project("{FAE04EC0-301F-11D3-BF4B-00C04F79EFBC}") = "Exercicio2_Retangulo", "Exercicio2_Retangulo\Exercicio2_Retangulo.csproj", "{DE0E527D-2D7C-4D9A-91D8-514D6CF1197A}"
EndProject
Global
	GlobalSection(SolutionConfigurationPlatforms) = preSolution
		Debug|Any CPU = Debug|Any CPU
		Release|Any CPU = Release|Any CPU
	EndGlobalSection
	GlobalSection(ProjectConfigurationPlatforms) = postSolution
		{DE0E527D-2D7C-4D9A-91D8-514D6CF1197A}.Debug|Any CPU.ActiveCfg = Debug|Any CPU
		{DE0E527D-2D7C-4D9A-91D8-514D6CF1197A}.Debug|Any CPU.Build.0 = Debug|Any CPU
		{DE0E527D-2D7C-4D9A-91D8-514D6CF1197A}.Release|Any CPU.ActiveCfg = Release|Any CPU
		{DE0E527D-2D7C-4D9A-91D8-514D6CF1197A}.Release|Any CPU.Build.0 = Release|Any CPU
	EndGlobalSection
	GlobalSection(SolutionProperties) = preSolution
		HideSolutionNode = FALSE
	EndGlobalSection
	GlobalSection(ExtensibilityGlobals) = postSolution
		SolutionGuid = {E4CB4708-D999-4188-A28B-56800E300A10}
	EndGlobalSection
EndGlobal
