
Microsoft Visual Studio Solution File, Format Version 12.00
# Visual Studio Version 17
VisualStudioVersion = 17.5.33530.505
MinimumVisualStudioVersion = 10.0.40219.1
Project("{FAE04EC0-301F-11D3-BF4B-00C04F79EFBC}") = "Exercicio10_SequenImpares", "Exercicio10_SequenImpares\Exercicio10_SequenImpares.csproj", "{3A6C2CC0-660C-42FE-AC72-42F8EEC7D15A}"
EndProject
Global
	GlobalSection(SolutionConfigurationPlatforms) = preSolution
		Debug|Any CPU = Debug|Any CPU
		Release|Any CPU = Release|Any CPU
	EndGlobalSection
	GlobalSection(ProjectConfigurationPlatforms) = postSolution
		{3A6C2CC0-660C-42FE-AC72-42F8EEC7D15A}.Debug|Any CPU.ActiveCfg = Debug|Any CPU
		{3A6C2CC0-660C-42FE-AC72-42F8EEC7D15A}.Debug|Any CPU.Build.0 = Debug|Any CPU
		{3A6C2CC0-660C-42FE-AC72-42F8EEC7D15A}.Release|Any CPU.ActiveCfg = Release|Any CPU
		{3A6C2CC0-660C-42FE-AC72-42F8EEC7D15A}.Release|Any CPU.Build.0 = Release|Any CPU
	EndGlobalSection
	GlobalSection(SolutionProperties) = preSolution
		HideSolutionNode = FALSE
	EndGlobalSection
	GlobalSection(ExtensibilityGlobals) = postSolution
		SolutionGuid = {7D7F4FA8-5B36-4D78-9E01-9CD9A78EC743}
	EndGlobalSection
EndGlobal
