
Microsoft Visual Studio Solution File, Format Version 12.00
# Visual Studio Version 17
VisualStudioVersion = 17.5.33530.505
MinimumVisualStudioVersion = 10.0.40219.1
Project("{FAE04EC0-301F-11D3-BF4B-00C04F79EFBC}") = "Exercicio5_SomaMatrizes", "Exercicio5_SomaMatrizes\Exercicio5_SomaMatrizes.csproj", "{944FCA74-A573-4D56-8B24-7D2424BB703F}"
EndProject
Global
	GlobalSection(SolutionConfigurationPlatforms) = preSolution
		Debug|Any CPU = Debug|Any CPU
		Release|Any CPU = Release|Any CPU
	EndGlobalSection
	GlobalSection(ProjectConfigurationPlatforms) = postSolution
		{944FCA74-A573-4D56-8B24-7D2424BB703F}.Debug|Any CPU.ActiveCfg = Debug|Any CPU
		{944FCA74-A573-4D56-8B24-7D2424BB703F}.Debug|Any CPU.Build.0 = Debug|Any CPU
		{944FCA74-A573-4D56-8B24-7D2424BB703F}.Release|Any CPU.ActiveCfg = Release|Any CPU
		{944FCA74-A573-4D56-8B24-7D2424BB703F}.Release|Any CPU.Build.0 = Release|Any CPU
	EndGlobalSection
	GlobalSection(SolutionProperties) = preSolution
		HideSolutionNode = FALSE
	EndGlobalSection
	GlobalSection(ExtensibilityGlobals) = postSolution
		SolutionGuid = {6865D69A-E528-44F7-A890-FF89B0AB2622}
	EndGlobalSection
EndGlobal
