
Microsoft Visual Studio Solution File, Format Version 12.00
# Visual Studio Version 17
VisualStudioVersion = 17.5.33530.505
MinimumVisualStudioVersion = 10.0.40219.1
Project("{FAE04EC0-301F-11D3-BF4B-00C04F79EFBC}") = "Exercicio7_MatrizGeral", "Exercicio7_MatrizGeral\Exercicio7_MatrizGeral.csproj", "{C0DC27EF-E23B-4CA0-80AC-DEAD1EB02449}"
EndProject
Global
	GlobalSection(SolutionConfigurationPlatforms) = preSolution
		Debug|Any CPU = Debug|Any CPU
		Release|Any CPU = Release|Any CPU
	EndGlobalSection
	GlobalSection(ProjectConfigurationPlatforms) = postSolution
		{C0DC27EF-E23B-4CA0-80AC-DEAD1EB02449}.Debug|Any CPU.ActiveCfg = Debug|Any CPU
		{C0DC27EF-E23B-4CA0-80AC-DEAD1EB02449}.Debug|Any CPU.Build.0 = Debug|Any CPU
		{C0DC27EF-E23B-4CA0-80AC-DEAD1EB02449}.Release|Any CPU.ActiveCfg = Release|Any CPU
		{C0DC27EF-E23B-4CA0-80AC-DEAD1EB02449}.Release|Any CPU.Build.0 = Release|Any CPU
	EndGlobalSection
	GlobalSection(SolutionProperties) = preSolution
		HideSolutionNode = FALSE
	EndGlobalSection
	GlobalSection(ExtensibilityGlobals) = postSolution
		SolutionGuid = {79B37F23-37E9-4750-BE03-86F713CEF7D7}
	EndGlobalSection
EndGlobal
