
Microsoft Visual Studio Solution File, Format Version 12.00
# Visual Studio Version 17
VisualStudioVersion = 17.5.33530.505
MinimumVisualStudioVersion = 10.0.40219.1
Project("{FAE04EC0-301F-11D3-BF4B-00C04F79EFBC}") = "Exercicio15_Fatorial", "Exercicio15_Fatorial\Exercicio15_Fatorial.csproj", "{5E69659B-E40F-441A-B841-1C2F66525275}"
EndProject
Global
	GlobalSection(SolutionConfigurationPlatforms) = preSolution
		Debug|Any CPU = Debug|Any CPU
		Release|Any CPU = Release|Any CPU
	EndGlobalSection
	GlobalSection(ProjectConfigurationPlatforms) = postSolution
		{5E69659B-E40F-441A-B841-1C2F66525275}.Debug|Any CPU.ActiveCfg = Debug|Any CPU
		{5E69659B-E40F-441A-B841-1C2F66525275}.Debug|Any CPU.Build.0 = Debug|Any CPU
		{5E69659B-E40F-441A-B841-1C2F66525275}.Release|Any CPU.ActiveCfg = Release|Any CPU
		{5E69659B-E40F-441A-B841-1C2F66525275}.Release|Any CPU.Build.0 = Release|Any CPU
	EndGlobalSection
	GlobalSection(SolutionProperties) = preSolution
		HideSolutionNode = FALSE
	EndGlobalSection
	GlobalSection(ExtensibilityGlobals) = postSolution
		SolutionGuid = {9A2851F2-2EE6-4B8F-AFC4-D61B75D7EA78}
	EndGlobalSection
EndGlobal
