
Microsoft Visual Studio Solution File, Format Version 12.00
# Visual Studio Version 17
VisualStudioVersion = 17.5.33530.505
MinimumVisualStudioVersion = 10.0.40219.1
Project("{FAE04EC0-301F-11D3-BF4B-00C04F79EFBC}") = "Exercicio3_MenorDeTres", "Exercicio3_MenorDeTres\Exercicio3_MenorDeTres.csproj", "{571976A9-B747-457B-9CD2-0B43204A05AD}"
EndProject
Global
	GlobalSection(SolutionConfigurationPlatforms) = preSolution
		Debug|Any CPU = Debug|Any CPU
		Release|Any CPU = Release|Any CPU
	EndGlobalSection
	GlobalSection(ProjectConfigurationPlatforms) = postSolution
		{571976A9-B747-457B-9CD2-0B43204A05AD}.Debug|Any CPU.ActiveCfg = Debug|Any CPU
		{571976A9-B747-457B-9CD2-0B43204A05AD}.Debug|Any CPU.Build.0 = Debug|Any CPU
		{571976A9-B747-457B-9CD2-0B43204A05AD}.Release|Any CPU.ActiveCfg = Release|Any CPU
		{571976A9-B747-457B-9CD2-0B43204A05AD}.Release|Any CPU.Build.0 = Release|Any CPU
	EndGlobalSection
	GlobalSection(SolutionProperties) = preSolution
		HideSolutionNode = FALSE
	EndGlobalSection
	GlobalSection(ExtensibilityGlobals) = postSolution
		SolutionGuid = {A6E2647D-D101-4730-B8CF-9E67E5A7DA7C}
	EndGlobalSection
EndGlobal
